
Microsoft Visual Studio Solution File, Format Version 12.00
# Visual Studio Version 17
VisualStudioVersion = 17.5.002.0
MinimumVisualStudioVersion = 10.0.40219.1
Project("{9A19103F-16F7-4668-BE54-9A1E7A4F7556}") = "Weight", "Weight.csproj", "{D8FA5F0C-1865-45AD-AAA1-4014FD0BF778}"
EndProject
Global
	GlobalSection(SolutionConfigurationPlatforms) = preSolution
		Debug|Any CPU = Debug|Any CPU
		Release|Any CPU = Release|Any CPU
	EndGlobalSection
	GlobalSection(ProjectConfigurationPlatforms) = postSolution
		{D8FA5F0C-1865-45AD-AAA1-4014FD0BF778}.Debug|Any CPU.ActiveCfg = Debug|Any CPU
		{D8FA5F0C-1865-45AD-AAA1-4014FD0BF778}.Debug|Any CPU.Build.0 = Debug|Any CPU
		{D8FA5F0C-1865-45AD-AAA1-4014FD0BF778}.Release|Any CPU.ActiveCfg = Release|Any CPU
		{D8FA5F0C-1865-45AD-AAA1-4014FD0BF778}.Release|Any CPU.Build.0 = Release|Any CPU
	EndGlobalSection
	GlobalSection(SolutionProperties) = preSolution
		HideSolutionNode = FALSE
	EndGlobalSection
	GlobalSection(ExtensibilityGlobals) = postSolution
		SolutionGuid = {F73C70C3-09C0-42EC-AE5B-6A6F720B0172}
	EndGlobalSection
EndGlobal
